
Microsoft Visual Studio Solution File, Format Version 12.00
# Visual Studio Version 17
VisualStudioVersion = 17.8.34330.188
MinimumVisualStudioVersion = 10.0.40219.1
Project("{FAE04EC0-301F-11D3-BF4B-00C04F79EFBC}") = "CodeAndTool", "CodeAndTool.csproj", "{17D15FC4-1157-4E30-9066-BDDA1C78DACA}"
EndProject
Global
	GlobalSection(SolutionConfigurationPlatforms) = preSolution
		Debug|Any CPU = Debug|Any CPU
		Release|Any CPU = Release|Any CPU
	EndGlobalSection
	GlobalSection(ProjectConfigurationPlatforms) = postSolution
		{17D15FC4-1157-4E30-9066-BDDA1C78DACA}.Debug|Any CPU.ActiveCfg = Debug|Any CPU
		{17D15FC4-1157-4E30-9066-BDDA1C78DACA}.Debug|Any CPU.Build.0 = Debug|Any CPU
		{17D15FC4-1157-4E30-9066-BDDA1C78DACA}.Release|Any CPU.ActiveCfg = Release|Any CPU
		{17D15FC4-1157-4E30-9066-BDDA1C78DACA}.Release|Any CPU.Build.0 = Release|Any CPU
	EndGlobalSection
	GlobalSection(SolutionProperties) = preSolution
		HideSolutionNode = FALSE
	EndGlobalSection
	GlobalSection(ExtensibilityGlobals) = postSolution
		SolutionGuid = {F9B411C9-4168-457C-9F4F-C86905F1AE05}
	EndGlobalSection
EndGlobal
